
Microsoft Visual Studio Solution File, Format Version 12.00
# Visual Studio Version 17
VisualStudioVersion = 17.8.34408.163
MinimumVisualStudioVersion = 10.0.40219.1
Project("{FAE04EC0-301F-11D3-BF4B-00C04F79EFBC}") = "Exercises 1 Solution", "Exercises 1 Solution.csproj", "{7838E1FC-82EA-46F4-A82B-F6B62A773721}"
EndProject
Global
	GlobalSection(SolutionConfigurationPlatforms) = preSolution
		Debug|Any CPU = Debug|Any CPU
		Release|Any CPU = Release|Any CPU
	EndGlobalSection
	GlobalSection(ProjectConfigurationPlatforms) = postSolution
		{7838E1FC-82EA-46F4-A82B-F6B62A773721}.Debug|Any CPU.ActiveCfg = Debug|Any CPU
		{7838E1FC-82EA-46F4-A82B-F6B62A773721}.Debug|Any CPU.Build.0 = Debug|Any CPU
		{7838E1FC-82EA-46F4-A82B-F6B62A773721}.Release|Any CPU.ActiveCfg = Release|Any CPU
		{7838E1FC-82EA-46F4-A82B-F6B62A773721}.Release|Any CPU.Build.0 = Release|Any CPU
	EndGlobalSection
	GlobalSection(SolutionProperties) = preSolution
		HideSolutionNode = FALSE
	EndGlobalSection
	GlobalSection(ExtensibilityGlobals) = postSolution
		SolutionGuid = {22EC32EF-8FE4-4506-A524-D61D0FDD3E3B}
	EndGlobalSection
EndGlobal
